
Microsoft Visual Studio Solution File, Format Version 12.00
# Visual Studio Version 17
VisualStudioVersion = 17.2.32519.379
MinimumVisualStudioVersion = 10.0.40219.1
Project("{FAE04EC0-301F-11D3-BF4B-00C04F79EFBC}") = "pdf-generator-poc", "pdf-generator-poc\pdf-generator-poc.csproj", "{BB4113DE-F70D-4FF3-92A3-0C7D85E133B0}"
EndProject
Global
	GlobalSection(SolutionConfigurationPlatforms) = preSolution
		Debug|Any CPU = Debug|Any CPU
		Release|Any CPU = Release|Any CPU
	EndGlobalSection
	GlobalSection(ProjectConfigurationPlatforms) = postSolution
		{BB4113DE-F70D-4FF3-92A3-0C7D85E133B0}.Debug|Any CPU.ActiveCfg = Debug|Any CPU
		{BB4113DE-F70D-4FF3-92A3-0C7D85E133B0}.Debug|Any CPU.Build.0 = Debug|Any CPU
		{BB4113DE-F70D-4FF3-92A3-0C7D85E133B0}.Release|Any CPU.ActiveCfg = Release|Any CPU
		{BB4113DE-F70D-4FF3-92A3-0C7D85E133B0}.Release|Any CPU.Build.0 = Release|Any CPU
	EndGlobalSection
	GlobalSection(SolutionProperties) = preSolution
		HideSolutionNode = FALSE
	EndGlobalSection
	GlobalSection(ExtensibilityGlobals) = postSolution
		SolutionGuid = {198F7FD3-FB78-41F1-8A44-D2CE534EA2CF}
	EndGlobalSection
EndGlobal
